PODS:
  - Disk (0.3.3)
  - Toast-Swift (3.0.1)

DEPENDENCIES:
  - Disk (~> 0.3.3)
  - Toast-Swift (~> 3.0.1)

SPEC CHECKSUMS:
  Disk: d1f55cd61f6ca20f368232d0c6e37e3c3dfcb63e
  Toast-Swift: ba0b01b095aada709d915f9beb1d38184a2721c3

PODFILE CHECKSUM: a9719a3897b1b191a5f61ba911288c0dd3a8003f

COCOAPODS: 1.4.0
