// !$*UTF8*$!
{
	archiveVersion = 1;
	classes = {
	};
	objectVersion = 50;
	objects = {

/* Begin PBXBuildFile section */
		36188A822093621300F3AAF4 /* NoteToDEVONthinkUITests.swift in Sources */ = {isa = PBXBuildFile; fileRef = 36188A812093621300F3AAF4 /* NoteToDEVONthinkUITests.swift */; };
		36188A8B2093622D00F3AAF4 /* SnapshotHelper.swift in Sources */ = {isa = PBXBuildFile; fileRef = 36188A892093622900F3AAF4 /* SnapshotHelper.swift */; };
		36232A4B2093901500DE6CD1 /* Template.swift in Sources */ = {isa = PBXBuildFile; fileRef = 36232A4A2093901500DE6CD1 /* Template.swift */; };
		36232A4D2093910C00DE6CD1 /* TemplateController.swift in Sources */ = {isa = PBXBuildFile; fileRef = 36232A4C2093910C00DE6CD1 /* TemplateController.swift */; };
		36232A7E2093A3F000DE6CD1 /* Themer.swift in Sources */ = {isa = PBXBuildFile; fileRef = 36232A7D2093A3F000DE6CD1 /* Themer.swift */; };
		3634AF6620950D47009AD886 /* UIButton+Border.swift in Sources */ = {isa = PBXBuildFile; fileRef = 3634AF6520950D47009AD886 /* UIButton+Border.swift */; };
		363772362094EB6D00992B5F /* TemplateInput.xib in Resources */ = {isa = PBXBuildFile; fileRef = 363772352094EB6D00992B5F /* TemplateInput.xib */; };
		363772382094ED2200992B5F /* TemplateInputView.swift in Sources */ = {isa = PBXBuildFile; fileRef = 363772372094ED2200992B5F /* TemplateInputView.swift */; };
		364F4589209284A800012C91 /* AppDelegate.swift in Sources */ = {isa = PBXBuildFile; fileRef = 364F4588209284A800012C91 /* AppDelegate.swift */; };
		364F458B209284A800012C91 /* ViewController.swift in Sources */ = {isa = PBXBuildFile; fileRef = 364F458A209284A800012C91 /* ViewController.swift */; };
		364F458E209284A800012C91 /* Main.storyboard in Resources */ = {isa = PBXBuildFile; fileRef = 364F458C209284A800012C91 /* Main.storyboard */; };
		364F4590209284A900012C91 /* Assets.xcassets in Resources */ = {isa = PBXBuildFile; fileRef = 364F458F209284A900012C91 /* Assets.xcassets */; };
		364F4593209284A900012C91 /* LaunchScreen.storyboard in Resources */ = {isa = PBXBuildFile; fileRef = 364F4591209284A900012C91 /* LaunchScreen.storyboard */; };
		367B963B2094A96500C16D44 /* SettingsViewController.swift in Sources */ = {isa = PBXBuildFile; fileRef = 367B963A2094A96500C16D44 /* SettingsViewController.swift */; };
		838172C8C9859195124A471C /* Pods_NoteToDEVONthink.framework in Frameworks */ = {isa = PBXBuildFile; fileRef = 26A08DB5E9B8A509BD86B279 /* Pods_NoteToDEVONthink.framework */; };
/* End PBXBuildFile section */

/* Begin PBXContainerItemProxy section */
		36188A842093621300F3AAF4 /* PBXContainerItemProxy */ = {
			isa = PBXContainerItemProxy;
			containerPortal = 364F457D209284A800012C91 /* Project object */;
			proxyType = 1;
			remoteGlobalIDString = 364F4584209284A800012C91;
			remoteInfo = NoteToDEVONthink;
		};
/* End PBXContainerItemProxy section */

/* Begin PBXFileReference section */
		26A08DB5E9B8A509BD86B279 /* Pods_NoteToDEVONthink.framework */ = {isa = PBXFileReference; explicitFileType = wrapper.framework; includeInIndex = 0; path = Pods_NoteToDEVONthink.framework; sourceTree = BUILT_PRODUCTS_DIR; };
		36188A7F2093621300F3AAF4 /* NoteToDEVONthinkUITests.xctest */ = {isa = PBXFileReference; explicitFileType = wrapper.cfbundle; includeInIndex = 0; path = NoteToDEVONthinkUITests.xctest; sourceTree = BUILT_PRODUCTS_DIR; };
		36188A812093621300F3AAF4 /* NoteToDEVONthinkUITests.swift */ = {isa = PBXFileReference; lastKnownFileType = sourcecode.swift; path = NoteToDEVONthinkUITests.swift; sourceTree = "<group>"; };
		36188A832093621300F3AAF4 /* Info.plist */ = {isa = PBXFileReference; lastKnownFileType = text.plist.xml; path = Info.plist; sourceTree = "<group>"; };
		36188A892093622900F3AAF4 /* SnapshotHelper.swift */ = {isa = PBXFileReference; fileEncoding = 4; lastKnownFileType = sourcecode.swift; name = SnapshotHelper.swift; path = fastlane/SnapshotHelper.swift; sourceTree = SOURCE_ROOT; };
		36232A4A2093901500DE6CD1 /* Template.swift */ = {isa = PBXFileReference; lastKnownFileType = sourcecode.swift; path = Template.swift; sourceTree = "<group>"; };
		36232A4C2093910C00DE6CD1 /* TemplateController.swift */ = {isa = PBXFileReference; lastKnownFileType = sourcecode.swift; path = TemplateController.swift; sourceTree = "<group>"; };
		36232A7D2093A3F000DE6CD1 /* Themer.swift */ = {isa = PBXFileReference; lastKnownFileType = sourcecode.swift; path = Themer.swift; sourceTree = "<group>"; };
		3634AF6520950D47009AD886 /* UIButton+Border.swift */ = {isa = PBXFileReference; lastKnownFileType = sourcecode.swift; path = "UIButton+Border.swift"; sourceTree = "<group>"; };
		363772352094EB6D00992B5F /* TemplateInput.xib */ = {isa = PBXFileReference; lastKnownFileType = file.xib; path = TemplateInput.xib; sourceTree = "<group>"; };
		363772372094ED2200992B5F /* TemplateInputView.swift */ = {isa = PBXFileReference; lastKnownFileType = sourcecode.swift; path = TemplateInputView.swift; sourceTree = "<group>"; };
		364F4585209284A800012C91 /* NoteToDEVONthink.app */ = {isa = PBXFileReference; explicitFileType = wrapper.application; includeInIndex = 0; path = NoteToDEVONthink.app; sourceTree = BUILT_PRODUCTS_DIR; };
		364F4588209284A800012C91 /* AppDelegate.swift */ = {isa = PBXFileReference; lastKnownFileType = sourcecode.swift; path = AppDelegate.swift; sourceTree = "<group>"; };
		364F458A209284A800012C91 /* ViewController.swift */ = {isa = PBXFileReference; lastKnownFileType = sourcecode.swift; path = ViewController.swift; sourceTree = "<group>"; };
		364F458D209284A800012C91 /* Base */ = {isa = PBXFileReference; lastKnownFileType = file.storyboard; name = Base; path = Base.lproj/Main.storyboard; sourceTree = "<group>"; };
		364F458F209284A900012C91 /* Assets.xcassets */ = {isa = PBXFileReference; lastKnownFileType = folder.assetcatalog; path = Assets.xcassets; sourceTree = "<group>"; };
		364F4592209284A900012C91 /* Base */ = {isa = PBXFileReference; lastKnownFileType = file.storyboard; name = Base; path = Base.lproj/LaunchScreen.storyboard; sourceTree = "<group>"; };
		364F4594209284A900012C91 /* Info.plist */ = {isa = PBXFileReference; lastKnownFileType = text.plist.xml; path = Info.plist; sourceTree = "<group>"; };
		367B963A2094A96500C16D44 /* SettingsViewController.swift */ = {isa = PBXFileReference; lastKnownFileType = sourcecode.swift; path = SettingsViewController.swift; sourceTree = "<group>"; };
		C4D9D29D7B79A82A1DEEEC2E /* Pods-NoteToDEVONthink.release.xcconfig */ = {isa = PBXFileReference; includeInIndex = 1; lastKnownFileType = text.xcconfig; name = "Pods-NoteToDEVONthink.release.xcconfig"; path = "Pods/Target Support Files/Pods-NoteToDEVONthink/Pods-NoteToDEVONthink.release.xcconfig"; sourceTree = "<group>"; };
		EC3413B8A0EE9009DBC97BA8 /* Pods-NoteToDEVONthink.debug.xcconfig */ = {isa = PBXFileReference; includeInIndex = 1; lastKnownFileType = text.xcconfig; name = "Pods-NoteToDEVONthink.debug.xcconfig"; path = "Pods/Target Support Files/Pods-NoteToDEVONthink/Pods-NoteToDEVONthink.debug.xcconfig"; sourceTree = "<group>"; };
/* End PBXFileReference section */

/* Begin PBXFrameworksBuildPhase section */
		36188A7C2093621300F3AAF4 /* Frameworks */ = {
			isa = PBXFrameworksBuildPhase;
			buildActionMask = 2147483647;
			files = (
			);
			runOnlyForDeploymentPostprocessing = 0;
		};
		364F4582209284A800012C91 /* Frameworks */ = {
			isa = PBXFrameworksBuildPhase;
			buildActionMask = 2147483647;
			files = (
				838172C8C9859195124A471C /* Pods_NoteToDEVONthink.framework in Frameworks */,
			);
			runOnlyForDeploymentPostprocessing = 0;
		};
/* End PBXFrameworksBuildPhase section */

/* Begin PBXGroup section */
		36188A802093621300F3AAF4 /* NoteToDEVONthinkUITests */ = {
			isa = PBXGroup;
			children = (
				36188A812093621300F3AAF4 /* NoteToDEVONthinkUITests.swift */,
				36188A832093621300F3AAF4 /* Info.plist */,
			);
			path = NoteToDEVONthinkUITests;
			sourceTree = "<group>";
		};
		36232A4920938FBC00DE6CD1 /* Templating */ = {
			isa = PBXGroup;
			children = (
				36232A4A2093901500DE6CD1 /* Template.swift */,
				36232A4C2093910C00DE6CD1 /* TemplateController.swift */,
				363772352094EB6D00992B5F /* TemplateInput.xib */,
				363772372094ED2200992B5F /* TemplateInputView.swift */,
			);
			path = Templating;
			sourceTree = "<group>";
		};
		36232A7C2093A3E200DE6CD1 /* Theming */ = {
			isa = PBXGroup;
			children = (
				36232A7D2093A3F000DE6CD1 /* Themer.swift */,
			);
			path = Theming;
			sourceTree = "<group>";
		};
		3634AF6420950D38009AD886 /* Extensions */ = {
			isa = PBXGroup;
			children = (
				3634AF6520950D47009AD886 /* UIButton+Border.swift */,
			);
			path = Extensions;
			sourceTree = "<group>";
		};
		364F457C209284A800012C91 = {
			isa = PBXGroup;
			children = (
				364F4587209284A800012C91 /* NoteToDEVONthink */,
				36188A802093621300F3AAF4 /* NoteToDEVONthinkUITests */,
				364F4586209284A800012C91 /* Products */,
				E9B30A96668FD576BF27FF40 /* Pods */,
				5EA0969F1E21394675896CB6 /* Frameworks */,
			);
			sourceTree = "<group>";
		};
		364F4586209284A800012C91 /* Products */ = {
			isa = PBXGroup;
			children = (
				364F4585209284A800012C91 /* NoteToDEVONthink.app */,
				36188A7F2093621300F3AAF4 /* NoteToDEVONthinkUITests.xctest */,
			);
			name = Products;
			sourceTree = "<group>";
		};
		364F4587209284A800012C91 /* NoteToDEVONthink */ = {
			isa = PBXGroup;
			children = (
				3634AF6420950D38009AD886 /* Extensions */,
				36232A7C2093A3E200DE6CD1 /* Theming */,
				36232A4920938FBC00DE6CD1 /* Templating */,
				36188A892093622900F3AAF4 /* SnapshotHelper.swift */,
				364F4588209284A800012C91 /* AppDelegate.swift */,
				364F458A209284A800012C91 /* ViewController.swift */,
				364F458C209284A800012C91 /* Main.storyboard */,
				364F458F209284A900012C91 /* Assets.xcassets */,
				364F4591209284A900012C91 /* LaunchScreen.storyboard */,
				364F4594209284A900012C91 /* Info.plist */,
				367B963A2094A96500C16D44 /* SettingsViewController.swift */,
			);
			path = NoteToDEVONthink;
			sourceTree = "<group>";
		};
		5EA0969F1E21394675896CB6 /* Frameworks */ = {
			isa = PBXGroup;
			children = (
				26A08DB5E9B8A509BD86B279 /* Pods_NoteToDEVONthink.framework */,
			);
			name = Frameworks;
			sourceTree = "<group>";
		};
		E9B30A96668FD576BF27FF40 /* Pods */ = {
			isa = PBXGroup;
			children = (
				EC3413B8A0EE9009DBC97BA8 /* Pods-NoteToDEVONthink.debug.xcconfig */,
				C4D9D29D7B79A82A1DEEEC2E /* Pods-NoteToDEVONthink.release.xcconfig */,
			);
			name = Pods;
			sourceTree = "<group>";
		};
/* End PBXGroup section */

/* Begin PBXNativeTarget section */
		36188A7E2093621300F3AAF4 /* NoteToDEVONthinkUITests */ = {
			isa = PBXNativeTarget;
			buildConfigurationList = 36188A862093621300F3AAF4 /* Build configuration list for PBXNativeTarget "NoteToDEVONthinkUITests" */;
			buildPhases = (
				36188A7B2093621300F3AAF4 /* Sources */,
				36188A7C2093621300F3AAF4 /* Frameworks */,
				36188A7D2093621300F3AAF4 /* Resources */,
			);
			buildRules = (
			);
			dependencies = (
				36188A852093621300F3AAF4 /* PBXTargetDependency */,
			);
			name = NoteToDEVONthinkUITests;
			productName = NoteToDEVONthinkUITests;
			productReference = 36188A7F2093621300F3AAF4 /* NoteToDEVONthinkUITests.xctest */;
			productType = "com.apple.product-type.bundle.ui-testing";
		};
		364F4584209284A800012C91 /* NoteToDEVONthink */ = {
			isa = PBXNativeTarget;
			buildConfigurationList = 364F4597209284A900012C91 /* Build configuration list for PBXNativeTarget "NoteToDEVONthink" */;
			buildPhases = (
				E3A5CD3642B390C279BA8D5B /* [CP] Check Pods Manifest.lock */,
				364F4581209284A800012C91 /* Sources */,
				364F4582209284A800012C91 /* Frameworks */,
				364F4583209284A800012C91 /* Resources */,
				10B8A06DFAB42AA095B95694 /* [CP] Embed Pods Frameworks */,
				3D06F83A8AC4AEC5864CA67D /* [CP] Copy Pods Resources */,
			);
			buildRules = (
			);
			dependencies = (
			);
			name = NoteToDEVONthink;
			productName = NoteToDEVONthink;
			productReference = 364F4585209284A800012C91 /* NoteToDEVONthink.app */;
			productType = "com.apple.product-type.application";
		};
/* End PBXNativeTarget section */

/* Begin PBXProject section */
		364F457D209284A800012C91 /* Project object */ = {
			isa = PBXProject;
			attributes = {
				LastSwiftUpdateCheck = 0930;
				LastUpgradeCheck = 0930;
				ORGANIZATIONNAME = "Adam Fallon";
				TargetAttributes = {
					36188A7E2093621300F3AAF4 = {
						CreatedOnToolsVersion = 9.3;
						TestTargetID = 364F4584209284A800012C91;
					};
					364F4584209284A800012C91 = {
						CreatedOnToolsVersion = 9.3;
						LastSwiftMigration = 0930;
					};
				};
			};
			buildConfigurationList = 364F4580209284A800012C91 /* Build configuration list for PBXProject "NoteToDEVONthink" */;
			compatibilityVersion = "Xcode 9.3";
			developmentRegion = en;
			hasScannedForEncodings = 0;
			knownRegions = (
				en,
				Base,
			);
			mainGroup = 364F457C209284A800012C91;
			productRefGroup = 364F4586209284A800012C91 /* Products */;
			projectDirPath = "";
			projectRoot = "";
			targets = (
				364F4584209284A800012C91 /* NoteToDEVONthink */,
				36188A7E2093621300F3AAF4 /* NoteToDEVONthinkUITests */,
			);
		};
/* End PBXProject section */

/* Begin PBXResourcesBuildPhase section */
		36188A7D2093621300F3AAF4 /* Resources */ = {
			isa = PBXResourcesBuildPhase;
			buildActionMask = 2147483647;
			files = (
			);
			runOnlyForDeploymentPostprocessing = 0;
		};
		364F4583209284A800012C91 /* Resources */ = {
			isa = PBXResourcesBuildPhase;
			buildActionMask = 2147483647;
			files = (
				364F4593209284A900012C91 /* LaunchScreen.storyboard in Resources */,
				364F4590209284A900012C91 /* Assets.xcassets in Resources */,
				363772362094EB6D00992B5F /* TemplateInput.xib in Resources */,
				364F458E209284A800012C91 /* Main.storyboard in Resources */,
			);
			runOnlyForDeploymentPostprocessing = 0;
		};
/* End PBXResourcesBuildPhase section */

/* Begin PBXShellScriptBuildPhase section */
		10B8A06DFAB42AA095B95694 /* [CP] Embed Pods Frameworks */ = {
			isa = PBXShellScriptBuildPhase;
			buildActionMask = 2147483647;
			files = (
			);
			inputPaths = (
				"${SRCROOT}/Pods/Target Support Files/Pods-NoteToDEVONthink/Pods-NoteToDEVONthink-frameworks.sh",
				"${BUILT_PRODUCTS_DIR}/Disk/Disk.framework",
				"${BUILT_PRODUCTS_DIR}/Toast-Swift/Toast_Swift.framework",
			);
			name = "[CP] Embed Pods Frameworks";
			outputPaths = (
				"${TARGET_BUILD_DIR}/${FRAMEWORKS_FOLDER_PATH}/Disk.framework",
				"${TARGET_BUILD_DIR}/${FRAMEWORKS_FOLDER_PATH}/Toast_Swift.framework",
			);
			runOnlyForDeploymentPostprocessing = 0;
			shellPath = /bin/sh;
			shellScript = "\"${SRCROOT}/Pods/Target Support Files/Pods-NoteToDEVONthink/Pods-NoteToDEVONthink-frameworks.sh\"\n";
			showEnvVarsInLog = 0;
		};
		3D06F83A8AC4AEC5864CA67D /* [CP] Copy Pods Resources */ = {
			isa = PBXShellScriptBuildPhase;
			buildActionMask = 2147483647;
			files = (
			);
			inputPaths = (
			);
			name = "[CP] Copy Pods Resources";
			outputPaths = (
			);
			runOnlyForDeploymentPostprocessing = 0;
			shellPath = /bin/sh;
			shellScript = "\"${SRCROOT}/Pods/Target Support Files/Pods-NoteToDEVONthink/Pods-NoteToDEVONthink-resources.sh\"\n";
			showEnvVarsInLog = 0;
		};
		E3A5CD3642B390C279BA8D5B /* [CP] Check Pods Manifest.lock */ = {
			isa = PBXShellScriptBuildPhase;
			buildActionMask = 2147483647;
			files = (
			);
			inputPaths = (
				"${PODS_PODFILE_DIR_PATH}/Podfile.lock",
				"${PODS_ROOT}/Manifest.lock",
			);
			name = "[CP] Check Pods Manifest.lock";
			outputPaths = (
				"$(DERIVED_FILE_DIR)/Pods-NoteToDEVONthink-checkManifestLockResult.txt",
			);
			runOnlyForDeploymentPostprocessing = 0;
			shellPath = /bin/sh;
			shellScript = "diff \"${PODS_PODFILE_DIR_PATH}/Podfile.lock\" \"${PODS_ROOT}/Manifest.lock\" > /dev/null\nif [ $? != 0 ] ; then\n    # print error to STDERR\n    echo \"error: The sandbox is not in sync with the Podfile.lock. Run 'pod install' or update your CocoaPods installation.\" >&2\n    exit 1\nfi\n# This output is used by Xcode 'outputs' to avoid re-running this script phase.\necho \"SUCCESS\" > \"${SCRIPT_OUTPUT_FILE_0}\"\n";
			showEnvVarsInLog = 0;
		};
/* End PBXShellScriptBuildPhase section */

/* Begin PBXSourcesBuildPhase section */
		36188A7B2093621300F3AAF4 /* Sources */ = {
			isa = PBXSourcesBuildPhase;
			buildActionMask = 2147483647;
			files = (
				36188A822093621300F3AAF4 /* NoteToDEVONthinkUITests.swift in Sources */,
				36188A8B2093622D00F3AAF4 /* SnapshotHelper.swift in Sources */,
			);
			runOnlyForDeploymentPostprocessing = 0;
		};
		364F4581209284A800012C91 /* Sources */ = {
			isa = PBXSourcesBuildPhase;
			buildActionMask = 2147483647;
			files = (
				36232A4B2093901500DE6CD1 /* Template.swift in Sources */,
				364F458B209284A800012C91 /* ViewController.swift in Sources */,
				363772382094ED2200992B5F /* TemplateInputView.swift in Sources */,
				3634AF6620950D47009AD886 /* UIButton+Border.swift in Sources */,
				364F4589209284A800012C91 /* AppDelegate.swift in Sources */,
				36232A7E2093A3F000DE6CD1 /* Themer.swift in Sources */,
				36232A4D2093910C00DE6CD1 /* TemplateController.swift in Sources */,
				367B963B2094A96500C16D44 /* SettingsViewController.swift in Sources */,
			);
			runOnlyForDeploymentPostprocessing = 0;
		};
/* End PBXSourcesBuildPhase section */

/* Begin PBXTargetDependency section */
		36188A852093621300F3AAF4 /* PBXTargetDependency */ = {
			isa = PBXTargetDependency;
			target = 364F4584209284A800012C91 /* NoteToDEVONthink */;
			targetProxy = 36188A842093621300F3AAF4 /* PBXContainerItemProxy */;
		};
/* End PBXTargetDependency section */

/* Begin PBXVariantGroup section */
		364F458C209284A800012C91 /* Main.storyboard */ = {
			isa = PBXVariantGroup;
			children = (
				364F458D209284A800012C91 /* Base */,
			);
			name = Main.storyboard;
			sourceTree = "<group>";
		};
		364F4591209284A900012C91 /* LaunchScreen.storyboard */ = {
			isa = PBXVariantGroup;
			children = (
				364F4592209284A900012C91 /* Base */,
			);
			name = LaunchScreen.storyboard;
			sourceTree = "<group>";
		};
/* End PBXVariantGroup section */

/* Begin XCBuildConfiguration section */
		36188A872093621300F3AAF4 /* Debug */ = {
			isa = XCBuildConfiguration;
			buildSettings = {
				CODE_SIGN_STYLE = Automatic;
				DEVELOPMENT_TEAM = C5KXQ9LTMW;
				INFOPLIST_FILE = NoteToDEVONthinkUITests/Info.plist;
				LD_RUNPATH_SEARCH_PATHS = "$(inherited) @executable_path/Frameworks @loader_path/Frameworks";
				PRODUCT_BUNDLE_IDENTIFIER = com.adamf.NoteToDEVONthinkUITests;
				PRODUCT_NAME = "$(TARGET_NAME)";
				SWIFT_VERSION = 4.0;
				TARGETED_DEVICE_FAMILY = "1,2";
				TEST_TARGET_NAME = NoteToDEVONthink;
			};
			name = Debug;
		};
		36188A882093621300F3AAF4 /* Release */ = {
			isa = XCBuildConfiguration;
			buildSettings = {
				CODE_SIGN_STYLE = Automatic;
				DEVELOPMENT_TEAM = C5KXQ9LTMW;
				INFOPLIST_FILE = NoteToDEVONthinkUITests/Info.plist;
				LD_RUNPATH_SEARCH_PATHS = "$(inherited) @executable_path/Frameworks @loader_path/Frameworks";
				PRODUCT_BUNDLE_IDENTIFIER = com.adamf.NoteToDEVONthinkUITests;
				PRODUCT_NAME = "$(TARGET_NAME)";
				SWIFT_VERSION = 4.0;
				TARGETED_DEVICE_FAMILY = "1,2";
				TEST_TARGET_NAME = NoteToDEVONthink;
			};
			name = Release;
		};
		364F4595209284A900012C91 /* Debug */ = {
			isa = XCBuildConfiguration;
			buildSettings = {
				ALWAYS_SEARCH_USER_PATHS = NO;
				CLANG_ANALYZER_NONNULL = YES;
				CLANG_ANALYZER_NUMBER_OBJECT_CONVERSION = YES_AGGRESSIVE;
				CLANG_CXX_LANGUAGE_STANDARD = "gnu++14";
				CLANG_CXX_LIBRARY = "libc++";
				CLANG_ENABLE_MODULES = YES;
				CLANG_ENABLE_OBJC_ARC = YES;
				CLANG_ENABLE_OBJC_WEAK = YES;
				CLANG_WARN_BLOCK_CAPTURE_AUTORELEASING = YES;
				CLANG_WARN_BOOL_CONVERSION = YES;
				CLANG_WARN_COMMA = YES;
				CLANG_WARN_CONSTANT_CONVERSION = YES;
				CLANG_WARN_DEPRECATED_OBJC_IMPLEMENTATIONS = YES;
				CLANG_WARN_DIRECT_OBJC_ISA_USAGE = YES_ERROR;
				CLANG_WARN_DOCUMENTATION_COMMENTS = YES;
				CLANG_WARN_EMPTY_BODY = YES;
				CLANG_WARN_ENUM_CONVERSION = YES;
				CLANG_WARN_INFINITE_RECURSION = YES;
				CLANG_WARN_INT_CONVERSION = YES;
				CLANG_WARN_NON_LITERAL_NULL_CONVERSION = YES;
				CLANG_WARN_OBJC_IMPLICIT_RETAIN_SELF = YES;
				CLANG_WARN_OBJC_LITERAL_CONVERSION = YES;
				CLANG_WARN_OBJC_ROOT_CLASS = YES_ERROR;
				CLANG_WARN_RANGE_LOOP_ANALYSIS = YES;
				CLANG_WARN_STRICT_PROTOTYPES = YES;
				CLANG_WARN_SUSPICIOUS_MOVE = YES;
				CLANG_WARN_UNGUARDED_AVAILABILITY = YES_AGGRESSIVE;
				CLANG_WARN_UNREACHABLE_CODE = YES;
				CLANG_WARN__DUPLICATE_METHOD_MATCH = YES;
				CODE_SIGN_IDENTITY = "iPhone Developer";
				COPY_PHASE_STRIP = NO;
				DEBUG_INFORMATION_FORMAT = dwarf;
				ENABLE_STRICT_OBJC_MSGSEND = YES;
				ENABLE_TESTABILITY = YES;
				GCC_C_LANGUAGE_STANDARD = gnu11;
				GCC_DYNAMIC_NO_PIC = NO;
				GCC_NO_COMMON_BLOCKS = YES;
				GCC_OPTIMIZATION_LEVEL = 0;
				GCC_PREPROCESSOR_DEFINITIONS = (
					"DEBUG=1",
					"$(inherited)",
				);
				GCC_WARN_64_TO_32_BIT_CONVERSION = YES;
				GCC_WARN_ABOUT_RETURN_TYPE = YES_ERROR;
				GCC_WARN_UNDECLARED_SELECTOR = YES;
				GCC_WARN_UNINITIALIZED_AUTOS = YES_AGGRESSIVE;
				GCC_WARN_UNUSED_FUNCTION = YES;
				GCC_WARN_UNUSED_VARIABLE = YES;
				IPHONEOS_DEPLOYMENT_TARGET = 11.3;
				MTL_ENABLE_DEBUG_INFO = YES;
				ONLY_ACTIVE_ARCH = YES;
				SDKROOT = iphoneos;
				SWIFT_ACTIVE_COMPILATION_CONDITIONS = DEBUG;
				SWIFT_OPTIMIZATION_LEVEL = "-Onone";
			};
			name = Debug;
		};
		364F4596209284A900012C91 /* Release */ = {
			isa = XCBuildConfiguration;
			buildSettings = {
				ALWAYS_SEARCH_USER_PATHS = NO;
				CLANG_ANALYZER_NONNULL = YES;
				CLANG_ANALYZER_NUMBER_OBJECT_CONVERSION = YES_AGGRESSIVE;
				CLANG_CXX_LANGUAGE_STANDARD = "gnu++14";
				CLANG_CXX_LIBRARY = "libc++";
				CLANG_ENABLE_MODULES = YES;
				CLANG_ENABLE_OBJC_ARC = YES;
				CLANG_ENABLE_OBJC_WEAK = YES;
				CLANG_WARN_BLOCK_CAPTURE_AUTORELEASING = YES;
				CLANG_WARN_BOOL_CONVERSION = YES;
				CLANG_WARN_COMMA = YES;
				CLANG_WARN_CONSTANT_CONVERSION = YES;
				CLANG_WARN_DEPRECATED_OBJC_IMPLEMENTATIONS = YES;
				CLANG_WARN_DIRECT_OBJC_ISA_USAGE = YES_ERROR;
				CLANG_WARN_DOCUMENTATION_COMMENTS = YES;
				CLANG_WARN_EMPTY_BODY = YES;
				CLANG_WARN_ENUM_CONVERSION = YES;
				CLANG_WARN_INFINITE_RECURSION = YES;
				CLANG_WARN_INT_CONVERSION = YES;
				CLANG_WARN_NON_LITERAL_NULL_CONVERSION = YES;
				CLANG_WARN_OBJC_IMPLICIT_RETAIN_SELF = YES;
				CLANG_WARN_OBJC_LITERAL_CONVERSION = YES;
				CLANG_WARN_OBJC_ROOT_CLASS = YES_ERROR;
				CLANG_WARN_RANGE_LOOP_ANALYSIS = YES;
				CLANG_WARN_STRICT_PROTOTYPES = YES;
				CLANG_WARN_SUSPICIOUS_MOVE = YES;
				CLANG_WARN_UNGUARDED_AVAILABILITY = YES_AGGRESSIVE;
				CLANG_WARN_UNREACHABLE_CODE = YES;
				CLANG_WARN__DUPLICATE_METHOD_MATCH = YES;
				CODE_SIGN_IDENTITY = "iPhone Developer";
				COPY_PHASE_STRIP = NO;
				DEBUG_INFORMATION_FORMAT = "dwarf-with-dsym";
				ENABLE_NS_ASSERTIONS = NO;
				ENABLE_STRICT_OBJC_MSGSEND = YES;
				GCC_C_LANGUAGE_STANDARD = gnu11;
				GCC_NO_COMMON_BLOCKS = YES;
				GCC_WARN_64_TO_32_BIT_CONVERSION = YES;
				GCC_WARN_ABOUT_RETURN_TYPE = YES_ERROR;
				GCC_WARN_UNDECLARED_SELECTOR = YES;
				GCC_WARN_UNINITIALIZED_AUTOS = YES_AGGRESSIVE;
				GCC_WARN_UNUSED_FUNCTION = YES;
				GCC_WARN_UNUSED_VARIABLE = YES;
				IPHONEOS_DEPLOYMENT_TARGET = 11.3;
				MTL_ENABLE_DEBUG_INFO = NO;
				SDKROOT = iphoneos;
				SWIFT_COMPILATION_MODE = wholemodule;
				SWIFT_OPTIMIZATION_LEVEL = "-O";
				VALIDATE_PRODUCT = YES;
			};
			name = Release;
		};
		364F4598209284A900012C91 /* Debug */ = {
			isa = XCBuildConfiguration;
			baseConfigurationReference = EC3413B8A0EE9009DBC97BA8 /* Pods-NoteToDEVONthink.debug.xcconfig */;
			buildSettings = {
				ASSETCATALOG_COMPILER_APPICON_NAME = AppIcon;
				CLANG_ENABLE_MODULES = YES;
				CODE_SIGN_STYLE = Automatic;
				DEVELOPMENT_TEAM = L7K45M5C78;
				INFOPLIST_FILE = NoteToDEVONthink/Info.plist;
				LD_RUNPATH_SEARCH_PATHS = "$(inherited) @executable_path/Frameworks";
				PRODUCT_BUNDLE_IDENTIFIER = com.adamf.note2devonthink;
				PRODUCT_NAME = "$(TARGET_NAME)";
				SWIFT_OPTIMIZATION_LEVEL = "-Onone";
				SWIFT_VERSION = 4.0;
				TARGETED_DEVICE_FAMILY = "1,2";
			};
			name = Debug;
		};
		364F4599209284A900012C91 /* Release */ = {
			isa = XCBuildConfiguration;
			baseConfigurationReference = C4D9D29D7B79A82A1DEEEC2E /* Pods-NoteToDEVONthink.release.xcconfig */;
			buildSettings = {
				ASSETCATALOG_COMPILER_APPICON_NAME = AppIcon;
				CLANG_ENABLE_MODULES = YES;
				CODE_SIGN_STYLE = Automatic;
				DEVELOPMENT_TEAM = L7K45M5C78;
				INFOPLIST_FILE = NoteToDEVONthink/Info.plist;
				LD_RUNPATH_SEARCH_PATHS = "$(inherited) @executable_path/Frameworks";
				PRODUCT_BUNDLE_IDENTIFIER = com.adamf.note2devonthink;
				PRODUCT_NAME = "$(TARGET_NAME)";
				SWIFT_VERSION = 4.0;
				TARGETED_DEVICE_FAMILY = "1,2";
			};
			name = Release;
		};
/* End XCBuildConfiguration section */

/* Begin XCConfigurationList section */
		36188A862093621300F3AAF4 /* Build configuration list for PBXNativeTarget "NoteToDEVONthinkUITests" */ = {
			isa = XCConfigurationList;
			buildConfigurations = (
				36188A872093621300F3AAF4 /* Debug */,
				36188A882093621300F3AAF4 /* Release */,
			);
			defaultConfigurationIsVisible = 0;
			defaultConfigurationName = Release;
		};
		364F4580209284A800012C91 /* Build configuration list for PBXProject "NoteToDEVONthink" */ = {
			isa = XCConfigurationList;
			buildConfigurations = (
				364F4595209284A900012C91 /* Debug */,
				364F4596209284A900012C91 /* Release */,
			);
			defaultConfigurationIsVisible = 0;
			defaultConfigurationName = Release;
		};
		364F4597209284A900012C91 /* Build configuration list for PBXNativeTarget "NoteToDEVONthink" */ = {
			isa = XCConfigurationList;
			buildConfigurations = (
				364F4598209284A900012C91 /* Debug */,
				364F4599209284A900012C91 /* Release */,
			);
			defaultConfigurationIsVisible = 0;
			defaultConfigurationName = Release;
		};
/* End XCConfigurationList section */
	};
	rootObject = 364F457D209284A800012C91 /* Project object */;
}
